{
  "version": 4,
  "terraform_version": "0.14.4",
  "serial": 23,
  "lineage": "9e6f79d0-f436-9cc3-87ee-f453bc7a90e2",
  "outputs": {},
  "resources": [
    {
      "mode": "managed",
      "type": "google_service_account",
      "name": "compute_engine_service_account",
      "provider": "provider[\"registry.terraform.io/hashicorp/google\"]",
      "instances": [
        {
          "schema_version": 0,
          "attributes": {
            "account_id": "gke-admin-01",
            "description": "",
            "disabled": false,
            "display_name": "GKE Compuete Engine Service Account",
            "email": "gke-admin-01@data-protection-01.iam.gserviceaccount.com",
            "id": "projects/data-protection-01/serviceAccounts/gke-admin-01@data-protection-01.iam.gserviceaccount.com",
            "name": "projects/data-protection-01/serviceAccounts/gke-admin-01@data-protection-01.iam.gserviceaccount.com",
            "project": "data-protection-01",
            "timeouts": null,
            "unique_id": "115243106605692618533"
          },
          "sensitive_attributes": [],
          "private": "eyJlMmJmYjczMC1lY2FhLTExZTYtOGY4OC0zNDM2M2JjN2M0YzAiOnsiY3JlYXRlIjozMDAwMDAwMDAwMDB9fQ=="
        }
      ]
    },
    {
      "mode": "managed",
      "type": "google_storage_bucket",
      "name": "bucket",
      "provider": "provider[\"registry.terraform.io/hashicorp/google\"]",
      "instances": [
        {
          "schema_version": 0,
          "attributes": {
            "bucket_policy_only": false,
            "cors": [],
            "default_event_based_hold": false,
            "encryption": [],
            "force_destroy": false,
            "id": "data-protection-01-test-bucket",
            "labels": null,
            "lifecycle_rule": [],
            "location": "US-EAST1",
            "logging": [],
            "name": "data-protection-01-test-bucket",
            "project": "data-protection-01",
            "requester_pays": false,
            "retention_policy": [],
            "self_link": "https://www.googleapis.com/storage/v1/b/data-protection-01-test-bucket",
            "storage_class": "STANDARD",
            "uniform_bucket_level_access": false,
            "url": "gs://data-protection-01-test-bucket",
            "versioning": [],
            "website": []
          },
          "sensitive_attributes": [],
          "private": "bnVsbA=="
        }
      ]
    }
  ]
}
